
Microsoft Visual Studio Solution File, Format Version 12.00
# Visual Studio Version 16
VisualStudioVersion = 16.0.29324.140
MinimumVisualStudioVersion = 10.0.40219.1
Project("{9A19103F-16F7-4668-BE54-9A1E7A4F7556}") = "Globomantics", "Globomantics\Globomantics.csproj", "{EF81BA41-D0D8-47C8-8C1F-39B0F0B37AF7}"
EndProject
Project("{9A19103F-16F7-4668-BE54-9A1E7A4F7556}") = "Shared", "Shared\Shared.csproj", "{6E2597CB-B52D-47BC-BAB0-E74BFACF1040}"
EndProject
Global
	GlobalSection(SolutionConfigurationPlatforms) = preSolution
		Debug|Any CPU = Debug|Any CPU
		Release|Any CPU = Release|Any CPU
	EndGlobalSection
	GlobalSection(ProjectConfigurationPlatforms) = postSolution
		{EF81BA41-D0D8-47C8-8C1F-39B0F0B37AF7}.Debug|Any CPU.ActiveCfg = Debug|Any CPU
		{EF81BA41-D0D8-47C8-8C1F-39B0F0B37AF7}.Debug|Any CPU.Build.0 = Debug|Any CPU
		{EF81BA41-D0D8-47C8-8C1F-39B0F0B37AF7}.Release|Any CPU.ActiveCfg = Release|Any CPU
		{EF81BA41-D0D8-47C8-8C1F-39B0F0B37AF7}.Release|Any CPU.Build.0 = Release|Any CPU
		{6E2597CB-B52D-47BC-BAB0-E74BFACF1040}.Debug|Any CPU.ActiveCfg = Debug|Any CPU
		{6E2597CB-B52D-47BC-BAB0-E74BFACF1040}.Debug|Any CPU.Build.0 = Debug|Any CPU
		{6E2597CB-B52D-47BC-BAB0-E74BFACF1040}.Release|Any CPU.ActiveCfg = Release|Any CPU
		{6E2597CB-B52D-47BC-BAB0-E74BFACF1040}.Release|Any CPU.Build.0 = Release|Any CPU
	EndGlobalSection
	GlobalSection(SolutionProperties) = preSolution
		HideSolutionNode = FALSE
	EndGlobalSection
	GlobalSection(ExtensibilityGlobals) = postSolution
		SolutionGuid = {AF99E5E1-227C-419F-A5E4-C385FF45F883}
	EndGlobalSection
EndGlobal
